
Microsoft Visual Studio Solution File, Format Version 12.00
# Visual Studio 15
VisualStudioVersion = 15.0.27130.2010
MinimumVisualStudioVersion = 10.0.40219.1
Project("{9A19103F-16F7-4668-BE54-9A1E7A4F7556}") = "TransientEventDisplay", "TransientEventDisplay\TransientEventDisplay.csproj", "{147A84A2-06EE-47D4-9D8F-E931B3F1608E}"
EndProject
Project("{FAE04EC0-301F-11D3-BF4B-00C04F79EFBC}") = "EventSniffer", "EventSniffer\EventSniffer.csproj", "{2932376A-5D75-4507-BF48-BAA591EC6D56}"
EndProject
Global
	GlobalSection(SolutionConfigurationPlatforms) = preSolution
		Debug|Any CPU = Debug|Any CPU
		Release|Any CPU = Release|Any CPU
	EndGlobalSection
	GlobalSection(ProjectConfigurationPlatforms) = postSolution
		{147A84A2-06EE-47D4-9D8F-E931B3F1608E}.Debug|Any CPU.ActiveCfg = Debug|Any CPU
		{147A84A2-06EE-47D4-9D8F-E931B3F1608E}.Debug|Any CPU.Build.0 = Debug|Any CPU
		{147A84A2-06EE-47D4-9D8F-E931B3F1608E}.Release|Any CPU.ActiveCfg = Release|Any CPU
		{147A84A2-06EE-47D4-9D8F-E931B3F1608E}.Release|Any CPU.Build.0 = Release|Any CPU
		{2932376A-5D75-4507-BF48-BAA591EC6D56}.Debug|Any CPU.ActiveCfg = Debug|Any CPU
		{2932376A-5D75-4507-BF48-BAA591EC6D56}.Debug|Any CPU.Build.0 = Debug|Any CPU
		{2932376A-5D75-4507-BF48-BAA591EC6D56}.Release|Any CPU.ActiveCfg = Release|Any CPU
		{2932376A-5D75-4507-BF48-BAA591EC6D56}.Release|Any CPU.Build.0 = Release|Any CPU
	EndGlobalSection
	GlobalSection(SolutionProperties) = preSolution
		HideSolutionNode = FALSE
	EndGlobalSection
	GlobalSection(ExtensibilityGlobals) = postSolution
		SolutionGuid = {C9619AF4-4CAA-48D0-AE6C-8A74337E6856}
	EndGlobalSection
EndGlobal
